
Microsoft Visual Studio Solution File, Format Version 12.00
# Visual Studio Version 17
VisualStudioVersion = 17.9.34714.143
MinimumVisualStudioVersion = 10.0.40219.1
Project("{9A19103F-16F7-4668-BE54-9A1E7A4F7556}") = "Bb_Engine", "Bb_Engine\Bb_Engine.csproj", "{35575303-ED4A-495C-8436-425BAC043CC0}"
EndProject
Project("{9A19103F-16F7-4668-BE54-9A1E7A4F7556}") = "Bb_Ui", "Bb_Ui\Bb_Ui.csproj", "{44F49F69-5ABA-40FB-AAAB-A5E82B402DB1}"
EndProject
Project("{2150E333-8FDC-42A3-9474-1A3956D46DE8}") = "Solution Items", "Solution Items", "{F2D0E57F-7C96-4409-BAC3-E6C9A926D842}"
	ProjectSection(SolutionItems) = preProject
		.gitignore = .gitignore
	EndProjectSection
EndProject
Global
	GlobalSection(SolutionConfigurationPlatforms) = preSolution
		Debug|Any CPU = Debug|Any CPU
		Release|Any CPU = Release|Any CPU
	EndGlobalSection
	GlobalSection(ProjectConfigurationPlatforms) = postSolution
		{35575303-ED4A-495C-8436-425BAC043CC0}.Debug|Any CPU.ActiveCfg = Debug|Any CPU
		{35575303-ED4A-495C-8436-425BAC043CC0}.Debug|Any CPU.Build.0 = Debug|Any CPU
		{35575303-ED4A-495C-8436-425BAC043CC0}.Release|Any CPU.ActiveCfg = Release|Any CPU
		{35575303-ED4A-495C-8436-425BAC043CC0}.Release|Any CPU.Build.0 = Release|Any CPU
		{44F49F69-5ABA-40FB-AAAB-A5E82B402DB1}.Debug|Any CPU.ActiveCfg = Debug|Any CPU
		{44F49F69-5ABA-40FB-AAAB-A5E82B402DB1}.Debug|Any CPU.Build.0 = Debug|Any CPU
		{44F49F69-5ABA-40FB-AAAB-A5E82B402DB1}.Release|Any CPU.ActiveCfg = Release|Any CPU
		{44F49F69-5ABA-40FB-AAAB-A5E82B402DB1}.Release|Any CPU.Build.0 = Release|Any CPU
	EndGlobalSection
	GlobalSection(SolutionProperties) = preSolution
		HideSolutionNode = FALSE
	EndGlobalSection
	GlobalSection(ExtensibilityGlobals) = postSolution
		SolutionGuid = {475D1C68-A627-4137-A41E-A882C065700E}
	EndGlobalSection
EndGlobal
